
Microsoft Visual Studio Solution File, Format Version 12.00
# Visual Studio Version 17
VisualStudioVersion = 17.7.34221.43
MinimumVisualStudioVersion = 10.0.40219.1
Project("{FAE04EC0-301F-11D3-BF4B-00C04F79EFBC}") = "RickandMorty", "RickandMorty\RickandMorty.csproj", "{13347E66-7B79-4A46-9108-9BCEE28C5E7A}"
EndProject
Global
	GlobalSection(SolutionConfigurationPlatforms) = preSolution
		Debug|Any CPU = Debug|Any CPU
		Release|Any CPU = Release|Any CPU
	EndGlobalSection
	GlobalSection(ProjectConfigurationPlatforms) = postSolution
		{13347E66-7B79-4A46-9108-9BCEE28C5E7A}.Debug|Any CPU.ActiveCfg = Debug|Any CPU
		{13347E66-7B79-4A46-9108-9BCEE28C5E7A}.Debug|Any CPU.Build.0 = Debug|Any CPU
		{13347E66-7B79-4A46-9108-9BCEE28C5E7A}.Release|Any CPU.ActiveCfg = Release|Any CPU
		{13347E66-7B79-4A46-9108-9BCEE28C5E7A}.Release|Any CPU.Build.0 = Release|Any CPU
	EndGlobalSection
	GlobalSection(SolutionProperties) = preSolution
		HideSolutionNode = FALSE
	EndGlobalSection
	GlobalSection(ExtensibilityGlobals) = postSolution
		SolutionGuid = {EBDEB23D-B48F-4E42-93FD-9E0D5BB9493F}
	EndGlobalSection
EndGlobal
